// !$*UTF8*$!
{
	archiveVersion = 1;
	classes = {
	};
	objectVersion = 52;
	objects = {

/* Begin PBXBuildFile section */
		560A5E8B278E616B00EF3FF5 /* DetailListView.swift in Sources */ = {isa = PBXBuildFile; fileRef = 560A5E8A278E616B00EF3FF5 /* DetailListView.swift */; };
		560A5E8D278E83E600EF3FF5 /* DetailReviewView.swift in Sources */ = {isa = PBXBuildFile; fileRef = 560A5E8C278E83E600EF3FF5 /* DetailReviewView.swift */; };
		560A5E8F278E930100EF3FF5 /* UserCompleteView.swift in Sources */ = {isa = PBXBuildFile; fileRef = 560A5E8E278E930100EF3FF5 /* UserCompleteView.swift */; };
		564824692794CB6A0068E13F /* postReview.swift in Sources */ = {isa = PBXBuildFile; fileRef = 564824682794CB6A0068E13F /* postReview.swift */; };
		567A72DB2793559E0042E5D3 /* UserRegistration.swift in Sources */ = {isa = PBXBuildFile; fileRef = 567A72DA2793559E0042E5D3 /* UserRegistration.swift */; };
		567A72DD279356680042E5D3 /* LoginView.swift in Sources */ = {isa = PBXBuildFile; fileRef = 567A72DC279356680042E5D3 /* LoginView.swift */; };
		568E1BBE277A91420081F50B /* UserSearchView.swift in Sources */ = {isa = PBXBuildFile; fileRef = 568E1BBD277A91420081F50B /* UserSearchView.swift */; };
		568E1BC0277A93220081F50B /* ProfileView.swift in Sources */ = {isa = PBXBuildFile; fileRef = 568E1BBF277A93220081F50B /* ProfileView.swift */; };
		568E1BD4277BCC680081F50B /* FriendshipRequestView.swift in Sources */ = {isa = PBXBuildFile; fileRef = 568E1BD3277BCC680081F50B /* FriendshipRequestView.swift */; };
		568E1BD6277BDB890081F50B /* ListView.swift in Sources */ = {isa = PBXBuildFile; fileRef = 568E1BD5277BDB890081F50B /* ListView.swift */; };
		568E1BD8277BDBB40081F50B /* ReviewView.swift in Sources */ = {isa = PBXBuildFile; fileRef = 568E1BD7277BDBB40081F50B /* ReviewView.swift */; };
		568E1BDE277C867B0081F50B /* Helper.swift in Sources */ = {isa = PBXBuildFile; fileRef = 568E1BDD277C867B0081F50B /* Helper.swift */; };
		568E1BE62787BF8F0081F50B /* FriendshipRequest.swift in Sources */ = {isa = PBXBuildFile; fileRef = 568E1BE52787BF8F0081F50B /* FriendshipRequest.swift */; };
		568E1BE82787BFDC0081F50B /* MovieList.swift in Sources */ = {isa = PBXBuildFile; fileRef = 568E1BE72787BFDC0081F50B /* MovieList.swift */; };
		568E1BEA2787C0160081F50B /* Review.swift in Sources */ = {isa = PBXBuildFile; fileRef = 568E1BE92787C0160081F50B /* Review.swift */; };
		568E1BEC2787C0640081F50B /* UserByUsername.swift in Sources */ = {isa = PBXBuildFile; fileRef = 568E1BEB2787C0640081F50B /* UserByUsername.swift */; };
		56B8795B2791B759003CB5FE /* MovieName.swift in Sources */ = {isa = PBXBuildFile; fileRef = 56B8795A2791B759003CB5FE /* MovieName.swift */; };
		56BDB40A2794CD23007D3E85 /* AddReview.swift in Sources */ = {isa = PBXBuildFile; fileRef = 56BDB4092794CD23007D3E85 /* AddReview.swift */; };
		56E87D00279372190048F03A /* NetworkLibrary in Frameworks */ = {isa = PBXBuildFile; productRef = 56E87CFF279372190048F03A /* NetworkLibrary */; };
		8B755F0E247936D300FD58C8 /* AppDelegate.swift in Sources */ = {isa = PBXBuildFile; fileRef = 8B755F0D247936D300FD58C8 /* AppDelegate.swift */; };
		8B755F10247936D300FD58C8 /* SceneDelegate.swift in Sources */ = {isa = PBXBuildFile; fileRef = 8B755F0F247936D300FD58C8 /* SceneDelegate.swift */; };
		8B755F12247936D300FD58C8 /* ContentView.swift in Sources */ = {isa = PBXBuildFile; fileRef = 8B755F11247936D300FD58C8 /* ContentView.swift */; };
		8B755F14247936D400FD58C8 /* Assets.xcassets in Resources */ = {isa = PBXBuildFile; fileRef = 8B755F13247936D400FD58C8 /* Assets.xcassets */; };
		8B755F17247936D400FD58C8 /* Preview Assets.xcassets in Resources */ = {isa = PBXBuildFile; fileRef = 8B755F16247936D400FD58C8 /* Preview Assets.xcassets */; };
		8B755F1A247936D400FD58C8 /* LaunchScreen.storyboard in Resources */ = {isa = PBXBuildFile; fileRef = 8B755F18247936D400FD58C8 /* LaunchScreen.storyboard */; };
		8B755F232479370E00FD58C8 /* Movie.swift in Sources */ = {isa = PBXBuildFile; fileRef = 8B755F222479370E00FD58C8 /* Movie.swift */; };
		8B755F262479377300FD58C8 /* MovieService.swift in Sources */ = {isa = PBXBuildFile; fileRef = 8B755F252479377300FD58C8 /* MovieService.swift */; };
		8B755F28247938A900FD58C8 /* MovieStore.swift in Sources */ = {isa = PBXBuildFile; fileRef = 8B755F27247938A900FD58C8 /* MovieStore.swift */; };
		8B755F2A2479390E00FD58C8 /* Utils.swift in Sources */ = {isa = PBXBuildFile; fileRef = 8B755F292479390E00FD58C8 /* Utils.swift */; };
		8B755F2C24793BF400FD58C8 /* Movie+Stub.swift in Sources */ = {isa = PBXBuildFile; fileRef = 8B755F2B24793BF400FD58C8 /* Movie+Stub.swift */; };
		8B755F3124793C0B00FD58C8 /* movie_list.json in Resources */ = {isa = PBXBuildFile; fileRef = 8B755F2E24793C0B00FD58C8 /* movie_list.json */; };
		8B755F3224793C0B00FD58C8 /* movie_info.json in Resources */ = {isa = PBXBuildFile; fileRef = 8B755F2F24793C0B00FD58C8 /* movie_info.json */; };
		8B755F3324793C0B00FD58C8 /* search_movie.json in Resources */ = {isa = PBXBuildFile; fileRef = 8B755F3024793C0B00FD58C8 /* search_movie.json */; };
		8B755F392479460E00FD58C8 /* ImageLoader.swift in Sources */ = {isa = PBXBuildFile; fileRef = 8B755F382479460E00FD58C8 /* ImageLoader.swift */; };
		8B755F3D2479524600FD58C8 /* MovieThumbnailView.swift in Sources */ = {isa = PBXBuildFile; fileRef = 8B755F3C2479524600FD58C8 /* MovieThumbnailView.swift */; };
		8B755F3F247956D000FD58C8 /* MovieThumbnailCarouselView.swift in Sources */ = {isa = PBXBuildFile; fileRef = 8B755F3E247956D000FD58C8 /* MovieThumbnailCarouselView.swift */; };
		8B755F4124796A7A00FD58C8 /* MovieHomeView.swift in Sources */ = {isa = PBXBuildFile; fileRef = 8B755F4024796A7A00FD58C8 /* MovieHomeView.swift */; };
		8B755F4324796A8700FD58C8 /* MovieListState.swift in Sources */ = {isa = PBXBuildFile; fileRef = 8B755F4224796A8700FD58C8 /* MovieListState.swift */; };
		8B755F4624796B4200FD58C8 /* ActivityIndicatorView.swift in Sources */ = {isa = PBXBuildFile; fileRef = 8B755F4524796B4200FD58C8 /* ActivityIndicatorView.swift */; };
		8B755F4824796B8200FD58C8 /* LoadingView.swift in Sources */ = {isa = PBXBuildFile; fileRef = 8B755F4724796B8200FD58C8 /* LoadingView.swift */; };
		8BE793F62479FD1000850C45 /* MovieDetailView.swift in Sources */ = {isa = PBXBuildFile; fileRef = 8BE793F52479FD1000850C45 /* MovieDetailView.swift */; };
		8BE793F82479FD2700850C45 /* MovieDetailState.swift in Sources */ = {isa = PBXBuildFile; fileRef = 8BE793F72479FD2700850C45 /* MovieDetailState.swift */; };
		8BE793FA247A277B00850C45 /* SafariView.swift in Sources */ = {isa = PBXBuildFile; fileRef = 8BE793F9247A277B00850C45 /* SafariView.swift */; };
		8BF4147D247A37A800F5BE68 /* MovieSearchView.swift in Sources */ = {isa = PBXBuildFile; fileRef = 8BF4147C247A37A800F5BE68 /* MovieSearchView.swift */; };
		8BF4147F247A37CA00F5BE68 /* SearchBar.swift in Sources */ = {isa = PBXBuildFile; fileRef = 8BF4147E247A37CA00F5BE68 /* SearchBar.swift */; };
		8BF41481247A388A00F5BE68 /* MovieSearchState.swift in Sources */ = {isa = PBXBuildFile; fileRef = 8BF41480247A388A00F5BE68 /* MovieSearchState.swift */; };
		8BF90B5F272E42ED001E978D /* DataFetchPhase.swift in Sources */ = {isa = PBXBuildFile; fileRef = 8BF90B5E272E42ED001E978D /* DataFetchPhase.swift */; };
		8BF90B62272E43E9001E978D /* RetryView.swift in Sources */ = {isa = PBXBuildFile; fileRef = 8BF90B61272E43E8001E978D /* RetryView.swift */; };
		8BF90B64272E4444001E978D /* EmptyPlaceholderView.swift in Sources */ = {isa = PBXBuildFile; fileRef = 8BF90B63272E4444001E978D /* EmptyPlaceholderView.swift */; };
		8BF90B66272E44BF001E978D /* DataFetchPhaseOverlayView.swift in Sources */ = {isa = PBXBuildFile; fileRef = 8BF90B65272E44BF001E978D /* DataFetchPhaseOverlayView.swift */; };
		8BF90B68272E47CA001E978D /* MovieSection.swift in Sources */ = {isa = PBXBuildFile; fileRef = 8BF90B67272E47CA001E978D /* MovieSection.swift */; };
		8BF90B6A272E4956001E978D /* MovieHomeState.swift in Sources */ = {isa = PBXBuildFile; fileRef = 8BF90B69272E4956001E978D /* MovieHomeState.swift */; };
		95B1DFC028B2A832002CC871 /* CinematesTests.swift in Sources */ = {isa = PBXBuildFile; fileRef = 95B1DFBF28B2A832002CC871 /* CinematesTests.swift */; };
		95B1DFC628B2A8DE002CC871 /* CinematesTests.swift in Sources */ = {isa = PBXBuildFile; fileRef = 95B1DFBF28B2A832002CC871 /* CinematesTests.swift */; };
		95B1DFC728B2AAC3002CC871 /* MovieList.swift in Sources */ = {isa = PBXBuildFile; fileRef = 568E1BE72787BFDC0081F50B /* MovieList.swift */; };
		95B1DFC828B60595002CC871 /* UserByUsername.swift in Sources */ = {isa = PBXBuildFile; fileRef = 568E1BEB2787C0640081F50B /* UserByUsername.swift */; };
		95B1DFCB28BA094E002CC871 /* XCTest.framework in Frameworks */ = {isa = PBXBuildFile; fileRef = 95B1DFCA28BA094E002CC871 /* XCTest.framework */; settings = {ATTRIBUTES = (Required, ); }; };
		95B1DFCC28BA0B02002CC871 /* Movie.swift in Sources */ = {isa = PBXBuildFile; fileRef = 8B755F222479370E00FD58C8 /* Movie.swift */; };
		95B1DFCD28BA0BAE002CC871 /* Utils.swift in Sources */ = {isa = PBXBuildFile; fileRef = 8B755F292479390E00FD58C8 /* Utils.swift */; };
/* End PBXBuildFile section */

/* Begin PBXContainerItemProxy section */
		95B1DFC128B2A832002CC871 /* PBXContainerItemProxy */ = {
			isa = PBXContainerItemProxy;
			containerPortal = 8B755F02247936D300FD58C8 /* Project object */;
			proxyType = 1;
			remoteGlobalIDString = 8B755F09247936D300FD58C8;
			remoteInfo = Cinemates;
		};
/* End PBXContainerItemProxy section */

/* Begin PBXFileReference section */
		560A5E8A278E616B00EF3FF5 /* DetailListView.swift */ = {isa = PBXFileReference; lastKnownFileType = sourcecode.swift; path = DetailListView.swift; sourceTree = "<group>"; };
		560A5E8C278E83E600EF3FF5 /* DetailReviewView.swift */ = {isa = PBXFileReference; lastKnownFileType = sourcecode.swift; path = DetailReviewView.swift; sourceTree = "<group>"; };
		560A5E8E278E930100EF3FF5 /* UserCompleteView.swift */ = {isa = PBXFileReference; lastKnownFileType = sourcecode.swift; path = UserCompleteView.swift; sourceTree = "<group>"; };
		564824682794CB6A0068E13F /* postReview.swift */ = {isa = PBXFileReference; lastKnownFileType = sourcecode.swift; path = postReview.swift; sourceTree = "<group>"; };
		567A72DA2793559E0042E5D3 /* UserRegistration.swift */ = {isa = PBXFileReference; lastKnownFileType = sourcecode.swift; path = UserRegistration.swift; sourceTree = "<group>"; };
		567A72DC279356680042E5D3 /* LoginView.swift */ = {isa = PBXFileReference; lastKnownFileType = sourcecode.swift; path = LoginView.swift; sourceTree = "<group>"; };
		568E1BBD277A91420081F50B /* UserSearchView.swift */ = {isa = PBXFileReference; lastKnownFileType = sourcecode.swift; path = UserSearchView.swift; sourceTree = "<group>"; };
		568E1BBF277A93220081F50B /* ProfileView.swift */ = {isa = PBXFileReference; lastKnownFileType = sourcecode.swift; path = ProfileView.swift; sourceTree = "<group>"; };
		568E1BD3277BCC680081F50B /* FriendshipRequestView.swift */ = {isa = PBXFileReference; lastKnownFileType = sourcecode.swift; path = FriendshipRequestView.swift; sourceTree = "<group>"; };
		568E1BD5277BDB890081F50B /* ListView.swift */ = {isa = PBXFileReference; lastKnownFileType = sourcecode.swift; path = ListView.swift; sourceTree = "<group>"; };
		568E1BD7277BDBB40081F50B /* ReviewView.swift */ = {isa = PBXFileReference; lastKnownFileType = sourcecode.swift; path = ReviewView.swift; sourceTree = "<group>"; };
		568E1BDD277C867B0081F50B /* Helper.swift */ = {isa = PBXFileReference; fileEncoding = 4; lastKnownFileType = sourcecode.swift; path = Helper.swift; sourceTree = "<group>"; };
		568E1BE52787BF8F0081F50B /* FriendshipRequest.swift */ = {isa = PBXFileReference; lastKnownFileType = sourcecode.swift; path = FriendshipRequest.swift; sourceTree = "<group>"; };
		568E1BE72787BFDC0081F50B /* MovieList.swift */ = {isa = PBXFileReference; lastKnownFileType = sourcecode.swift; path = MovieList.swift; sourceTree = "<group>"; };
		568E1BE92787C0160081F50B /* Review.swift */ = {isa = PBXFileReference; lastKnownFileType = sourcecode.swift; path = Review.swift; sourceTree = "<group>"; };
		568E1BEB2787C0640081F50B /* UserByUsername.swift */ = {isa = PBXFileReference; lastKnownFileType = sourcecode.swift; path = UserByUsername.swift; sourceTree = "<group>"; };
		56B8795A2791B759003CB5FE /* MovieName.swift */ = {isa = PBXFileReference; lastKnownFileType = sourcecode.swift; path = MovieName.swift; sourceTree = "<group>"; };
		56BDB4092794CD23007D3E85 /* AddReview.swift */ = {isa = PBXFileReference; lastKnownFileType = sourcecode.swift; path = AddReview.swift; sourceTree = "<group>"; };
		8B755F0A247936D300FD58C8 /* Cinemates.app */ = {isa = PBXFileReference; explicitFileType = wrapper.application; includeInIndex = 0; path = Cinemates.app; sourceTree = BUILT_PRODUCTS_DIR; };
		8B755F0D247936D300FD58C8 /* AppDelegate.swift */ = {isa = PBXFileReference; lastKnownFileType = sourcecode.swift; path = AppDelegate.swift; sourceTree = "<group>"; };
		8B755F0F247936D300FD58C8 /* SceneDelegate.swift */ = {isa = PBXFileReference; lastKnownFileType = sourcecode.swift; path = SceneDelegate.swift; sourceTree = "<group>"; };
		8B755F11247936D300FD58C8 /* ContentView.swift */ = {isa = PBXFileReference; lastKnownFileType = sourcecode.swift; path = ContentView.swift; sourceTree = "<group>"; };
		8B755F13247936D400FD58C8 /* Assets.xcassets */ = {isa = PBXFileReference; lastKnownFileType = folder.assetcatalog; path = Assets.xcassets; sourceTree = "<group>"; };
		8B755F16247936D400FD58C8 /* Preview Assets.xcassets */ = {isa = PBXFileReference; lastKnownFileType = folder.assetcatalog; path = "Preview Assets.xcassets"; sourceTree = "<group>"; };
		8B755F19247936D400FD58C8 /* Base */ = {isa = PBXFileReference; lastKnownFileType = file.storyboard; name = Base; path = Base.lproj/LaunchScreen.storyboard; sourceTree = "<group>"; };
		8B755F1B247936D400FD58C8 /* Info.plist */ = {isa = PBXFileReference; lastKnownFileType = text.plist.xml; path = Info.plist; sourceTree = "<group>"; };
		8B755F222479370E00FD58C8 /* Movie.swift */ = {isa = PBXFileReference; lastKnownFileType = sourcecode.swift; path = Movie.swift; sourceTree = "<group>"; };
		8B755F252479377300FD58C8 /* MovieService.swift */ = {isa = PBXFileReference; lastKnownFileType = sourcecode.swift; path = MovieService.swift; sourceTree = "<group>"; };
		8B755F27247938A900FD58C8 /* MovieStore.swift */ = {isa = PBXFileReference; lastKnownFileType = sourcecode.swift; path = MovieStore.swift; sourceTree = "<group>"; };
		8B755F292479390E00FD58C8 /* Utils.swift */ = {isa = PBXFileReference; lastKnownFileType = sourcecode.swift; path = Utils.swift; sourceTree = "<group>"; };
		8B755F2B24793BF400FD58C8 /* Movie+Stub.swift */ = {isa = PBXFileReference; lastKnownFileType = sourcecode.swift; path = "Movie+Stub.swift"; sourceTree = "<group>"; };
		8B755F2E24793C0B00FD58C8 /* movie_list.json */ = {isa = PBXFileReference; fileEncoding = 4; lastKnownFileType = text.json; path = movie_list.json; sourceTree = "<group>"; };
		8B755F2F24793C0B00FD58C8 /* movie_info.json */ = {isa = PBXFileReference; fileEncoding = 4; lastKnownFileType = text.json; path = movie_info.json; sourceTree = "<group>"; };
		8B755F3024793C0B00FD58C8 /* search_movie.json */ = {isa = PBXFileReference; fileEncoding = 4; lastKnownFileType = text.json; path = search_movie.json; sourceTree = "<group>"; };
		8B755F382479460E00FD58C8 /* ImageLoader.swift */ = {isa = PBXFileReference; lastKnownFileType = sourcecode.swift; path = ImageLoader.swift; sourceTree = "<group>"; };
		8B755F3C2479524600FD58C8 /* MovieThumbnailView.swift */ = {isa = PBXFileReference; lastKnownFileType = sourcecode.swift; path = MovieThumbnailView.swift; sourceTree = "<group>"; };
		8B755F3E247956D000FD58C8 /* MovieThumbnailCarouselView.swift */ = {isa = PBXFileReference; lastKnownFileType = sourcecode.swift; path = MovieThumbnailCarouselView.swift; sourceTree = "<group>"; };
		8B755F4024796A7A00FD58C8 /* MovieHomeView.swift */ = {isa = PBXFileReference; lastKnownFileType = sourcecode.swift; path = MovieHomeView.swift; sourceTree = "<group>"; };
		8B755F4224796A8700FD58C8 /* MovieListState.swift */ = {isa = PBXFileReference; lastKnownFileType = sourcecode.swift; path = MovieListState.swift; sourceTree = "<group>"; };
		8B755F4524796B4200FD58C8 /* ActivityIndicatorView.swift */ = {isa = PBXFileReference; lastKnownFileType = sourcecode.swift; path = ActivityIndicatorView.swift; sourceTree = "<group>"; };
		8B755F4724796B8200FD58C8 /* LoadingView.swift */ = {isa = PBXFileReference; lastKnownFileType = sourcecode.swift; path = LoadingView.swift; sourceTree = "<group>"; };
		8BE793F52479FD1000850C45 /* MovieDetailView.swift */ = {isa = PBXFileReference; lastKnownFileType = sourcecode.swift; path = MovieDetailView.swift; sourceTree = "<group>"; };
		8BE793F72479FD2700850C45 /* MovieDetailState.swift */ = {isa = PBXFileReference; lastKnownFileType = sourcecode.swift; path = MovieDetailState.swift; sourceTree = "<group>"; };
		8BE793F9247A277B00850C45 /* SafariView.swift */ = {isa = PBXFileReference; lastKnownFileType = sourcecode.swift; path = SafariView.swift; sourceTree = "<group>"; };
		8BF4147C247A37A800F5BE68 /* MovieSearchView.swift */ = {isa = PBXFileReference; lastKnownFileType = sourcecode.swift; path = MovieSearchView.swift; sourceTree = "<group>"; };
		8BF4147E247A37CA00F5BE68 /* SearchBar.swift */ = {isa = PBXFileReference; lastKnownFileType = sourcecode.swift; path = SearchBar.swift; sourceTree = "<group>"; };
		8BF41480247A388A00F5BE68 /* MovieSearchState.swift */ = {isa = PBXFileReference; lastKnownFileType = sourcecode.swift; path = MovieSearchState.swift; sourceTree = "<group>"; };
		8BF90B5E272E42ED001E978D /* DataFetchPhase.swift */ = {isa = PBXFileReference; lastKnownFileType = sourcecode.swift; path = DataFetchPhase.swift; sourceTree = "<group>"; };
		8BF90B61272E43E8001E978D /* RetryView.swift */ = {isa = PBXFileReference; lastKnownFileType = sourcecode.swift; path = RetryView.swift; sourceTree = "<group>"; };
		8BF90B63272E4444001E978D /* EmptyPlaceholderView.swift */ = {isa = PBXFileReference; lastKnownFileType = sourcecode.swift; path = EmptyPlaceholderView.swift; sourceTree = "<group>"; };
		8BF90B65272E44BF001E978D /* DataFetchPhaseOverlayView.swift */ = {isa = PBXFileReference; lastKnownFileType = sourcecode.swift; path = DataFetchPhaseOverlayView.swift; sourceTree = "<group>"; };
		8BF90B67272E47CA001E978D /* MovieSection.swift */ = {isa = PBXFileReference; lastKnownFileType = sourcecode.swift; path = MovieSection.swift; sourceTree = "<group>"; };
		8BF90B69272E4956001E978D /* MovieHomeState.swift */ = {isa = PBXFileReference; lastKnownFileType = sourcecode.swift; path = MovieHomeState.swift; sourceTree = "<group>"; };
		95B1DFBD28B2A832002CC871 /* CinematesTests.xctest */ = {isa = PBXFileReference; explicitFileType = wrapper.cfbundle; includeInIndex = 0; path = CinematesTests.xctest; sourceTree = BUILT_PRODUCTS_DIR; };
		95B1DFBF28B2A832002CC871 /* CinematesTests.swift */ = {isa = PBXFileReference; lastKnownFileType = sourcecode.swift; path = CinematesTests.swift; sourceTree = "<group>"; };
		95B1DFCA28BA094E002CC871 /* XCTest.framework */ = {isa = PBXFileReference; lastKnownFileType = wrapper.framework; name = XCTest.framework; path = Platforms/iPhoneOS.platform/Developer/Library/Frameworks/XCTest.framework; sourceTree = DEVELOPER_DIR; };
/* End PBXFileReference section */

/* Begin PBXFrameworksBuildPhase section */
		8B755F07247936D300FD58C8 /* Frameworks */ = {
			isa = PBXFrameworksBuildPhase;
			buildActionMask = 2147483647;
			files = (
				95B1DFCB28BA094E002CC871 /* XCTest.framework in Frameworks */,
				56E87D00279372190048F03A /* NetworkLibrary in Frameworks */,
			);
			runOnlyForDeploymentPostprocessing = 0;
		};
		95B1DFBA28B2A832002CC871 /* Frameworks */ = {
			isa = PBXFrameworksBuildPhase;
			buildActionMask = 2147483647;
			files = (
			);
			runOnlyForDeploymentPostprocessing = 0;
		};
/* End PBXFrameworksBuildPhase section */

/* Begin PBXGroup section */
		568E1BC1277B58A40081F50B /* ProfileViews */ = {
			isa = PBXGroup;
			children = (
				568E1BBF277A93220081F50B /* ProfileView.swift */,
				568E1BD3277BCC680081F50B /* FriendshipRequestView.swift */,
				560A5E8E278E930100EF3FF5 /* UserCompleteView.swift */,
				568E1BD5277BDB890081F50B /* ListView.swift */,
				560A5E8A278E616B00EF3FF5 /* DetailListView.swift */,
				568E1BD7277BDBB40081F50B /* ReviewView.swift */,
				560A5E8C278E83E600EF3FF5 /* DetailReviewView.swift */,
			);
			path = ProfileViews;
			sourceTree = "<group>";
		};
		568E1BED2787C08B0081F50B /* TMDB */ = {
			isa = PBXGroup;
			children = (
				8B755F222479370E00FD58C8 /* Movie.swift */,
				8B755F2B24793BF400FD58C8 /* Movie+Stub.swift */,
				8BF90B5E272E42ED001E978D /* DataFetchPhase.swift */,
				8BF90B67272E47CA001E978D /* MovieSection.swift */,
				564824682794CB6A0068E13F /* postReview.swift */,
			);
			path = TMDB;
			sourceTree = "<group>";
		};
		568E1BEE27886E830081F50B /* Others */ = {
			isa = PBXGroup;
			children = (
				568E1BDD277C867B0081F50B /* Helper.swift */,
				8B755F0D247936D300FD58C8 /* AppDelegate.swift */,
				8B755F0F247936D300FD58C8 /* SceneDelegate.swift */,
				8B755F292479390E00FD58C8 /* Utils.swift */,
			);
			path = Others;
			sourceTree = "<group>";
		};
		568E1BEF27886EB30081F50B /* Movie-TMDB */ = {
			isa = PBXGroup;
			children = (
				8B755F3C2479524600FD58C8 /* MovieThumbnailView.swift */,
				8B755F3E247956D000FD58C8 /* MovieThumbnailCarouselView.swift */,
				8B755F4024796A7A00FD58C8 /* MovieHomeView.swift */,
				8B755F4724796B8200FD58C8 /* LoadingView.swift */,
				8BE793F52479FD1000850C45 /* MovieDetailView.swift */,
				8BF4147C247A37A800F5BE68 /* MovieSearchView.swift */,
				56BDB4092794CD23007D3E85 /* AddReview.swift */,
			);
			path = "Movie-TMDB";
			sourceTree = "<group>";
		};
		8B755F01247936D300FD58C8 = {
			isa = PBXGroup;
			children = (
				8B755F0C247936D300FD58C8 /* CineMates */,
				95B1DFBE28B2A832002CC871 /* CinematesTests */,
				8B755F0B247936D300FD58C8 /* Products */,
				95B1DFC928BA094D002CC871 /* Frameworks */,
			);
			sourceTree = "<group>";
		};
		8B755F0B247936D300FD58C8 /* Products */ = {
			isa = PBXGroup;
			children = (
				8B755F0A247936D300FD58C8 /* Cinemates.app */,
				95B1DFBD28B2A832002CC871 /* CinematesTests.xctest */,
			);
			name = Products;
			sourceTree = "<group>";
		};
		8B755F0C247936D300FD58C8 /* CineMates */ = {
			isa = PBXGroup;
			children = (
				568E1BEE27886E830081F50B /* Others */,
				8B755F372479460500FD58C8 /* Bindings */,
				8B755F34247945E300FD58C8 /* Views */,
				8B755F2D24793C0000FD58C8 /* Resources */,
				8B755F242479376900FD58C8 /* Services */,
				8B755F212479370700FD58C8 /* Models */,
				8B755F11247936D300FD58C8 /* ContentView.swift */,
				8B755F13247936D400FD58C8 /* Assets.xcassets */,
				8B755F18247936D400FD58C8 /* LaunchScreen.storyboard */,
				8B755F1B247936D400FD58C8 /* Info.plist */,
				8B755F15247936D400FD58C8 /* Preview Content */,
			);
			path = CineMates;
			sourceTree = "<group>";
		};
		8B755F15247936D400FD58C8 /* Preview Content */ = {
			isa = PBXGroup;
			children = (
				8B755F16247936D400FD58C8 /* Preview Assets.xcassets */,
			);
			path = "Preview Content";
			sourceTree = "<group>";
		};
		8B755F212479370700FD58C8 /* Models */ = {
			isa = PBXGroup;
			children = (
				568E1BED2787C08B0081F50B /* TMDB */,
				568E1BE52787BF8F0081F50B /* FriendshipRequest.swift */,
				568E1BE72787BFDC0081F50B /* MovieList.swift */,
				568E1BE92787C0160081F50B /* Review.swift */,
				568E1BEB2787C0640081F50B /* UserByUsername.swift */,
				56B8795A2791B759003CB5FE /* MovieName.swift */,
				567A72DA2793559E0042E5D3 /* UserRegistration.swift */,
			);
			path = Models;
			sourceTree = "<group>";
		};
		8B755F242479376900FD58C8 /* Services */ = {
			isa = PBXGroup;
			children = (
				8B755F252479377300FD58C8 /* MovieService.swift */,
				8B755F27247938A900FD58C8 /* MovieStore.swift */,
			);
			path = Services;
			sourceTree = "<group>";
		};
		8B755F2D24793C0000FD58C8 /* Resources */ = {
			isa = PBXGroup;
			children = (
				8B755F2E24793C0B00FD58C8 /* movie_list.json */,
				8B755F2F24793C0B00FD58C8 /* movie_info.json */,
				8B755F3024793C0B00FD58C8 /* search_movie.json */,
			);
			path = Resources;
			sourceTree = "<group>";
		};
		8B755F34247945E300FD58C8 /* Views */ = {
			isa = PBXGroup;
			children = (
				568E1BBD277A91420081F50B /* UserSearchView.swift */,
				567A72DC279356680042E5D3 /* LoginView.swift */,
				568E1BEF27886EB30081F50B /* Movie-TMDB */,
				568E1BC1277B58A40081F50B /* ProfileViews */,
				8BF90B60272E43BE001E978D /* Overlay Views */,
				8B755F4424796B2900FD58C8 /* UIKitViews */,
			);
			path = Views;
			sourceTree = "<group>";
		};
		8B755F372479460500FD58C8 /* Bindings */ = {
			isa = PBXGroup;
			children = (
				8B755F382479460E00FD58C8 /* ImageLoader.swift */,
				8BE793F72479FD2700850C45 /* MovieDetailState.swift */,
				8B755F4224796A8700FD58C8 /* MovieListState.swift */,
				8BF41480247A388A00F5BE68 /* MovieSearchState.swift */,
				8BF90B69272E4956001E978D /* MovieHomeState.swift */,
			);
			path = Bindings;
			sourceTree = "<group>";
		};
		8B755F4424796B2900FD58C8 /* UIKitViews */ = {
			isa = PBXGroup;
			children = (
				8B755F4524796B4200FD58C8 /* ActivityIndicatorView.swift */,
				8BE793F9247A277B00850C45 /* SafariView.swift */,
				8BF4147E247A37CA00F5BE68 /* SearchBar.swift */,
			);
			path = UIKitViews;
			sourceTree = "<group>";
		};
		8BF90B60272E43BE001E978D /* Overlay Views */ = {
			isa = PBXGroup;
			children = (
				8BF90B61272E43E8001E978D /* RetryView.swift */,
				8BF90B63272E4444001E978D /* EmptyPlaceholderView.swift */,
				8BF90B65272E44BF001E978D /* DataFetchPhaseOverlayView.swift */,
			);
			path = "Overlay Views";
			sourceTree = "<group>";
		};
		95B1DFBE28B2A832002CC871 /* CinematesTests */ = {
			isa = PBXGroup;
			children = (
				95B1DFBF28B2A832002CC871 /* CinematesTests.swift */,
			);
			path = CinematesTests;
			sourceTree = "<group>";
		};
		95B1DFC928BA094D002CC871 /* Frameworks */ = {
			isa = PBXGroup;
			children = (
				95B1DFCA28BA094E002CC871 /* XCTest.framework */,
			);
			name = Frameworks;
			sourceTree = "<group>";
		};
/* End PBXGroup section */

/* Begin PBXNativeTarget section */
		8B755F09247936D300FD58C8 /* Cinemates */ = {
			isa = PBXNativeTarget;
			buildConfigurationList = 8B755F1E247936D400FD58C8 /* Build configuration list for PBXNativeTarget "Cinemates" */;
			buildPhases = (
				8B755F06247936D300FD58C8 /* Sources */,
				8B755F07247936D300FD58C8 /* Frameworks */,
				8B755F08247936D300FD58C8 /* Resources */,
			);
			buildRules = (
			);
			dependencies = (
			);
			name = Cinemates;
			packageProductDependencies = (
				56E87CFF279372190048F03A /* NetworkLibrary */,
			);
			productName = SwiftUIMovieDb;
			productReference = 8B755F0A247936D300FD58C8 /* Cinemates.app */;
			productType = "com.apple.product-type.application";
		};
		95B1DFBC28B2A832002CC871 /* CinematesTests */ = {
			isa = PBXNativeTarget;
			buildConfigurationList = 95B1DFC528B2A832002CC871 /* Build configuration list for PBXNativeTarget "CinematesTests" */;
			buildPhases = (
				95B1DFB928B2A832002CC871 /* Sources */,
				95B1DFBA28B2A832002CC871 /* Frameworks */,
				95B1DFBB28B2A832002CC871 /* Resources */,
			);
			buildRules = (
			);
			dependencies = (
				95B1DFC228B2A832002CC871 /* PBXTargetDependency */,
			);
			name = CinematesTests;
			productName = CinematesTests;
			productReference = 95B1DFBD28B2A832002CC871 /* CinematesTests.xctest */;
			productType = "com.apple.product-type.bundle.unit-test";
		};
/* End PBXNativeTarget section */

/* Begin PBXProject section */
		8B755F02247936D300FD58C8 /* Project object */ = {
			isa = PBXProject;
			attributes = {
				LastSwiftUpdateCheck = 1330;
				LastUpgradeCheck = 1310;
				ORGANIZATIONNAME = "Aldo Di Giovanni";
				TargetAttributes = {
					8B755F09247936D300FD58C8 = {
						CreatedOnToolsVersion = 11.5;
					};
					95B1DFBC28B2A832002CC871 = {
						CreatedOnToolsVersion = 13.3.1;
						TestTargetID = 8B755F09247936D300FD58C8;
					};
				};
			};
			buildConfigurationList = 8B755F05247936D300FD58C8 /* Build configuration list for PBXProject "CineMates" */;
			compatibilityVersion = "Xcode 9.3";
			developmentRegion = en;
			hasScannedForEncodings = 0;
			knownRegions = (
				en,
				Base,
			);
			mainGroup = 8B755F01247936D300FD58C8;
			packageReferences = (
				56E87CFE279372180048F03A /* XCRemoteSwiftPackageReference "NetworkManager" */,
			);
			productRefGroup = 8B755F0B247936D300FD58C8 /* Products */;
			projectDirPath = "";
			projectRoot = "";
			targets = (
				8B755F09247936D300FD58C8 /* Cinemates */,
				95B1DFBC28B2A832002CC871 /* CinematesTests */,
			);
		};
/* End PBXProject section */

/* Begin PBXResourcesBuildPhase section */
		8B755F08247936D300FD58C8 /* Resources */ = {
			isa = PBXResourcesBuildPhase;
			buildActionMask = 2147483647;
			files = (
				8B755F3324793C0B00FD58C8 /* search_movie.json in Resources */,
				8B755F3124793C0B00FD58C8 /* movie_list.json in Resources */,
				8B755F3224793C0B00FD58C8 /* movie_info.json in Resources */,
				8B755F1A247936D400FD58C8 /* LaunchScreen.storyboard in Resources */,
				8B755F17247936D400FD58C8 /* Preview Assets.xcassets in Resources */,
				8B755F14247936D400FD58C8 /* Assets.xcassets in Resources */,
			);
			runOnlyForDeploymentPostprocessing = 0;
		};
		95B1DFBB28B2A832002CC871 /* Resources */ = {
			isa = PBXResourcesBuildPhase;
			buildActionMask = 2147483647;
			files = (
			);
			runOnlyForDeploymentPostprocessing = 0;
		};
/* End PBXResourcesBuildPhase section */

/* Begin PBXSourcesBuildPhase section */
		8B755F06247936D300FD58C8 /* Sources */ = {
			isa = PBXSourcesBuildPhase;
			buildActionMask = 2147483647;
			files = (
				8BF90B66272E44BF001E978D /* DataFetchPhaseOverlayView.swift in Sources */,
				8BE793F82479FD2700850C45 /* MovieDetailState.swift in Sources */,
				8B755F4124796A7A00FD58C8 /* MovieHomeView.swift in Sources */,
				8BF90B64272E4444001E978D /* EmptyPlaceholderView.swift in Sources */,
				8B755F4324796A8700FD58C8 /* MovieListState.swift in Sources */,
				8BE793FA247A277B00850C45 /* SafariView.swift in Sources */,
				568E1BEC2787C0640081F50B /* UserByUsername.swift in Sources */,
				8BF90B68272E47CA001E978D /* MovieSection.swift in Sources */,
				567A72DD279356680042E5D3 /* LoginView.swift in Sources */,
				8B755F0E247936D300FD58C8 /* AppDelegate.swift in Sources */,
				8B755F4824796B8200FD58C8 /* LoadingView.swift in Sources */,
				56BDB40A2794CD23007D3E85 /* AddReview.swift in Sources */,
				8B755F10247936D300FD58C8 /* SceneDelegate.swift in Sources */,
				8B755F3D2479524600FD58C8 /* MovieThumbnailView.swift in Sources */,
				568E1BC0277A93220081F50B /* ProfileView.swift in Sources */,
				8BF4147F247A37CA00F5BE68 /* SearchBar.swift in Sources */,
				8B755F392479460E00FD58C8 /* ImageLoader.swift in Sources */,
				95B1DFC628B2A8DE002CC871 /* CinematesTests.swift in Sources */,
				8BF90B62272E43E9001E978D /* RetryView.swift in Sources */,
				560A5E8D278E83E600EF3FF5 /* DetailReviewView.swift in Sources */,
				560A5E8F278E930100EF3FF5 /* UserCompleteView.swift in Sources */,
				568E1BE82787BFDC0081F50B /* MovieList.swift in Sources */,
				8B755F232479370E00FD58C8 /* Movie.swift in Sources */,
				8B755F2A2479390E00FD58C8 /* Utils.swift in Sources */,
				567A72DB2793559E0042E5D3 /* UserRegistration.swift in Sources */,
				568E1BD6277BDB890081F50B /* ListView.swift in Sources */,
				8BF41481247A388A00F5BE68 /* MovieSearchState.swift in Sources */,
				8B755F2C24793BF400FD58C8 /* Movie+Stub.swift in Sources */,
				8BE793F62479FD1000850C45 /* MovieDetailView.swift in Sources */,
				568E1BEA2787C0160081F50B /* Review.swift in Sources */,
				560A5E8B278E616B00EF3FF5 /* DetailListView.swift in Sources */,
				568E1BBE277A91420081F50B /* UserSearchView.swift in Sources */,
				8BF90B6A272E4956001E978D /* MovieHomeState.swift in Sources */,
				8BF4147D247A37A800F5BE68 /* MovieSearchView.swift in Sources */,
				568E1BD8277BDBB40081F50B /* ReviewView.swift in Sources */,
				568E1BDE277C867B0081F50B /* Helper.swift in Sources */,
				8B755F4624796B4200FD58C8 /* ActivityIndicatorView.swift in Sources */,
				8B755F12247936D300FD58C8 /* ContentView.swift in Sources */,
				8BF90B5F272E42ED001E978D /* DataFetchPhase.swift in Sources */,
				56B8795B2791B759003CB5FE /* MovieName.swift in Sources */,
				568E1BE62787BF8F0081F50B /* FriendshipRequest.swift in Sources */,
				8B755F28247938A900FD58C8 /* MovieStore.swift in Sources */,
				8B755F262479377300FD58C8 /* MovieService.swift in Sources */,
				8B755F3F247956D000FD58C8 /* MovieThumbnailCarouselView.swift in Sources */,
				568E1BD4277BCC680081F50B /* FriendshipRequestView.swift in Sources */,
				564824692794CB6A0068E13F /* postReview.swift in Sources */,
			);
			runOnlyForDeploymentPostprocessing = 0;
		};
		95B1DFB928B2A832002CC871 /* Sources */ = {
			isa = PBXSourcesBuildPhase;
			buildActionMask = 2147483647;
			files = (
				95B1DFCD28BA0BAE002CC871 /* Utils.swift in Sources */,
				95B1DFC728B2AAC3002CC871 /* MovieList.swift in Sources */,
				95B1DFC828B60595002CC871 /* UserByUsername.swift in Sources */,
				95B1DFCC28BA0B02002CC871 /* Movie.swift in Sources */,
				95B1DFC028B2A832002CC871 /* CinematesTests.swift in Sources */,
			);
			runOnlyForDeploymentPostprocessing = 0;
		};
/* End PBXSourcesBuildPhase section */

/* Begin PBXTargetDependency section */
		95B1DFC228B2A832002CC871 /* PBXTargetDependency */ = {
			isa = PBXTargetDependency;
			target = 8B755F09247936D300FD58C8 /* Cinemates */;
			targetProxy = 95B1DFC128B2A832002CC871 /* PBXContainerItemProxy */;
		};
/* End PBXTargetDependency section */

/* Begin PBXVariantGroup section */
		8B755F18247936D400FD58C8 /* LaunchScreen.storyboard */ = {
			isa = PBXVariantGroup;
			children = (
				8B755F19247936D400FD58C8 /* Base */,
			);
			name = LaunchScreen.storyboard;
			sourceTree = "<group>";
		};
/* End PBXVariantGroup section */

/* Begin XCBuildConfiguration section */
		8B755F1C247936D400FD58C8 /* Debug */ = {
			isa = XCBuildConfiguration;
			buildSettings = {
				ALWAYS_SEARCH_USER_PATHS = NO;
				CLANG_ANALYZER_NONNULL = YES;
				CLANG_ANALYZER_NUMBER_OBJECT_CONVERSION = YES_AGGRESSIVE;
				CLANG_CXX_LANGUAGE_STANDARD = "gnu++14";
				CLANG_CXX_LIBRARY = "libc++";
				CLANG_ENABLE_MODULES = YES;
				CLANG_ENABLE_OBJC_ARC = YES;
				CLANG_ENABLE_OBJC_WEAK = YES;
				CLANG_WARN_BLOCK_CAPTURE_AUTORELEASING = YES;
				CLANG_WARN_BOOL_CONVERSION = YES;
				CLANG_WARN_COMMA = YES;
				CLANG_WARN_CONSTANT_CONVERSION = YES;
				CLANG_WARN_DEPRECATED_OBJC_IMPLEMENTATIONS = YES;
				CLANG_WARN_DIRECT_OBJC_ISA_USAGE = YES_ERROR;
				CLANG_WARN_DOCUMENTATION_COMMENTS = YES;
				CLANG_WARN_EMPTY_BODY = YES;
				CLANG_WARN_ENUM_CONVERSION = YES;
				CLANG_WARN_INFINITE_RECURSION = YES;
				CLANG_WARN_INT_CONVERSION = YES;
				CLANG_WARN_NON_LITERAL_NULL_CONVERSION = YES;
				CLANG_WARN_OBJC_IMPLICIT_RETAIN_SELF = YES;
				CLANG_WARN_OBJC_LITERAL_CONVERSION = YES;
				CLANG_WARN_OBJC_ROOT_CLASS = YES_ERROR;
				CLANG_WARN_QUOTED_INCLUDE_IN_FRAMEWORK_HEADER = YES;
				CLANG_WARN_RANGE_LOOP_ANALYSIS = YES;
				CLANG_WARN_STRICT_PROTOTYPES = YES;
				CLANG_WARN_SUSPICIOUS_MOVE = YES;
				CLANG_WARN_UNGUARDED_AVAILABILITY = YES_AGGRESSIVE;
				CLANG_WARN_UNREACHABLE_CODE = YES;
				CLANG_WARN__DUPLICATE_METHOD_MATCH = YES;
				COPY_PHASE_STRIP = NO;
				DEBUG_INFORMATION_FORMAT = dwarf;
				ENABLE_STRICT_OBJC_MSGSEND = YES;
				ENABLE_TESTABILITY = YES;
				ENABLE_TESTING_SEARCH_PATHS = YES;
				GCC_C_LANGUAGE_STANDARD = gnu11;
				GCC_DYNAMIC_NO_PIC = NO;
				GCC_NO_COMMON_BLOCKS = YES;
				GCC_OPTIMIZATION_LEVEL = 0;
				GCC_PREPROCESSOR_DEFINITIONS = (
					"DEBUG=1",
					"$(inherited)",
				);
				GCC_WARN_64_TO_32_BIT_CONVERSION = YES;
				GCC_WARN_ABOUT_RETURN_TYPE = YES_ERROR;
				GCC_WARN_UNDECLARED_SELECTOR = YES;
				GCC_WARN_UNINITIALIZED_AUTOS = YES_AGGRESSIVE;
				GCC_WARN_UNUSED_FUNCTION = YES;
				GCC_WARN_UNUSED_VARIABLE = YES;
				IPHONEOS_DEPLOYMENT_TARGET = 15.0;
				MTL_ENABLE_DEBUG_INFO = INCLUDE_SOURCE;
				MTL_FAST_MATH = YES;
				ONLY_ACTIVE_ARCH = YES;
				SDKROOT = iphoneos;
				SWIFT_ACTIVE_COMPILATION_CONDITIONS = DEBUG;
				SWIFT_OPTIMIZATION_LEVEL = "-Onone";
			};
			name = Debug;
		};
		8B755F1D247936D400FD58C8 /* Release */ = {
			isa = XCBuildConfiguration;
			buildSettings = {
				ALWAYS_SEARCH_USER_PATHS = NO;
				CLANG_ANALYZER_NONNULL = YES;
				CLANG_ANALYZER_NUMBER_OBJECT_CONVERSION = YES_AGGRESSIVE;
				CLANG_CXX_LANGUAGE_STANDARD = "gnu++14";
				CLANG_CXX_LIBRARY = "libc++";
				CLANG_ENABLE_MODULES = YES;
				CLANG_ENABLE_OBJC_ARC = YES;
				CLANG_ENABLE_OBJC_WEAK = YES;
				CLANG_WARN_BLOCK_CAPTURE_AUTORELEASING = YES;
				CLANG_WARN_BOOL_CONVERSION = YES;
				CLANG_WARN_COMMA = YES;
				CLANG_WARN_CONSTANT_CONVERSION = YES;
				CLANG_WARN_DEPRECATED_OBJC_IMPLEMENTATIONS = YES;
				CLANG_WARN_DIRECT_OBJC_ISA_USAGE = YES_ERROR;
				CLANG_WARN_DOCUMENTATION_COMMENTS = YES;
				CLANG_WARN_EMPTY_BODY = YES;
				CLANG_WARN_ENUM_CONVERSION = YES;
				CLANG_WARN_INFINITE_RECURSION = YES;
				CLANG_WARN_INT_CONVERSION = YES;
				CLANG_WARN_NON_LITERAL_NULL_CONVERSION = YES;
				CLANG_WARN_OBJC_IMPLICIT_RETAIN_SELF = YES;
				CLANG_WARN_OBJC_LITERAL_CONVERSION = YES;
				CLANG_WARN_OBJC_ROOT_CLASS = YES_ERROR;
				CLANG_WARN_QUOTED_INCLUDE_IN_FRAMEWORK_HEADER = YES;
				CLANG_WARN_RANGE_LOOP_ANALYSIS = YES;
				CLANG_WARN_STRICT_PROTOTYPES = YES;
				CLANG_WARN_SUSPICIOUS_MOVE = YES;
				CLANG_WARN_UNGUARDED_AVAILABILITY = YES_AGGRESSIVE;
				CLANG_WARN_UNREACHABLE_CODE = YES;
				CLANG_WARN__DUPLICATE_METHOD_MATCH = YES;
				COPY_PHASE_STRIP = NO;
				DEBUG_INFORMATION_FORMAT = "dwarf-with-dsym";
				ENABLE_NS_ASSERTIONS = NO;
				ENABLE_STRICT_OBJC_MSGSEND = YES;
				ENABLE_TESTING_SEARCH_PATHS = YES;
				GCC_C_LANGUAGE_STANDARD = gnu11;
				GCC_NO_COMMON_BLOCKS = YES;
				GCC_WARN_64_TO_32_BIT_CONVERSION = YES;
				GCC_WARN_ABOUT_RETURN_TYPE = YES_ERROR;
				GCC_WARN_UNDECLARED_SELECTOR = YES;
				GCC_WARN_UNINITIALIZED_AUTOS = YES_AGGRESSIVE;
				GCC_WARN_UNUSED_FUNCTION = YES;
				GCC_WARN_UNUSED_VARIABLE = YES;
				IPHONEOS_DEPLOYMENT_TARGET = 15.0;
				MTL_ENABLE_DEBUG_INFO = NO;
				MTL_FAST_MATH = YES;
				SDKROOT = iphoneos;
				SWIFT_COMPILATION_MODE = wholemodule;
				SWIFT_OPTIMIZATION_LEVEL = "-O";
				VALIDATE_PRODUCT = YES;
			};
			name = Release;
		};
		8B755F1F247936D400FD58C8 /* Debug */ = {
			isa = XCBuildConfiguration;
			buildSettings = {
				ASSETCATALOG_COMPILER_APPICON_NAME = AppIcon;
				CODE_SIGN_STYLE = Automatic;
				DEVELOPMENT_ASSET_PATHS = "\"CineMates/Preview Content\"";
				DEVELOPMENT_TEAM = 7DP4GCX47G;
				ENABLE_PREVIEWS = YES;
				ENABLE_TESTING_SEARCH_PATHS = YES;
				INFOPLIST_FILE = CineMates/Info.plist;
				LD_RUNPATH_SEARCH_PATHS = (
					"$(inherited)",
					"@executable_path/Frameworks",
				);
				PRODUCT_BUNDLE_IDENTIFIER = aldodg.CineMates;
				PRODUCT_NAME = "$(TARGET_NAME)";
				SWIFT_VERSION = 5.0;
				TARGETED_DEVICE_FAMILY = 1;
			};
			name = Debug;
		};
		8B755F20247936D400FD58C8 /* Release */ = {
			isa = XCBuildConfiguration;
			buildSettings = {
				ASSETCATALOG_COMPILER_APPICON_NAME = AppIcon;
				CODE_SIGN_STYLE = Automatic;
				DEVELOPMENT_ASSET_PATHS = "\"CineMates/Preview Content\"";
				DEVELOPMENT_TEAM = 7DP4GCX47G;
				ENABLE_PREVIEWS = YES;
				ENABLE_TESTING_SEARCH_PATHS = YES;
				INFOPLIST_FILE = CineMates/Info.plist;
				LD_RUNPATH_SEARCH_PATHS = (
					"$(inherited)",
					"@executable_path/Frameworks",
				);
				PRODUCT_BUNDLE_IDENTIFIER = aldodg.CineMates;
				PRODUCT_NAME = "$(TARGET_NAME)";
				SWIFT_VERSION = 5.0;
				TARGETED_DEVICE_FAMILY = 1;
			};
			name = Release;
		};
		95B1DFC328B2A832002CC871 /* Debug */ = {
			isa = XCBuildConfiguration;
			buildSettings = {
				BUNDLE_LOADER = "$(TEST_HOST)";
				CLANG_CXX_LANGUAGE_STANDARD = "gnu++17";
				CODE_SIGN_STYLE = Automatic;
				CURRENT_PROJECT_VERSION = 1;
				GENERATE_INFOPLIST_FILE = YES;
				IPHONEOS_DEPLOYMENT_TARGET = 15.4;
				MARKETING_VERSION = 1.0;
				PRODUCT_BUNDLE_IDENTIFIER = aldodg.CinematesTests;
				PRODUCT_NAME = "$(TARGET_NAME)";
				SWIFT_EMIT_LOC_STRINGS = NO;
				SWIFT_VERSION = 5.0;
				TARGETED_DEVICE_FAMILY = "1,2";
				TEST_HOST = "$(BUILT_PRODUCTS_DIR)/Cinemates.app/Cinemates";
			};
			name = Debug;
		};
		95B1DFC428B2A832002CC871 /* Release */ = {
			isa = XCBuildConfiguration;
			buildSettings = {
				BUNDLE_LOADER = "$(TEST_HOST)";
				CLANG_CXX_LANGUAGE_STANDARD = "gnu++17";
				CODE_SIGN_STYLE = Automatic;
				CURRENT_PROJECT_VERSION = 1;
				GENERATE_INFOPLIST_FILE = YES;
				IPHONEOS_DEPLOYMENT_TARGET = 15.4;
				MARKETING_VERSION = 1.0;
				PRODUCT_BUNDLE_IDENTIFIER = aldodg.CinematesTests;
				PRODUCT_NAME = "$(TARGET_NAME)";
				SWIFT_EMIT_LOC_STRINGS = NO;
				SWIFT_VERSION = 5.0;
				TARGETED_DEVICE_FAMILY = "1,2";
				TEST_HOST = "$(BUILT_PRODUCTS_DIR)/Cinemates.app/Cinemates";
			};
			name = Release;
		};
/* End XCBuildConfiguration section */

/* Begin XCConfigurationList section */
		8B755F05247936D300FD58C8 /* Build configuration list for PBXProject "CineMates" */ = {
			isa = XCConfigurationList;
			buildConfigurations = (
				8B755F1C247936D400FD58C8 /* Debug */,
				8B755F1D247936D400FD58C8 /* Release */,
			);
			defaultConfigurationIsVisible = 0;
			defaultConfigurationName = Release;
		};
		8B755F1E247936D400FD58C8 /* Build configuration list for PBXNativeTarget "Cinemates" */ = {
			isa = XCConfigurationList;
			buildConfigurations = (
				8B755F1F247936D400FD58C8 /* Debug */,
				8B755F20247936D400FD58C8 /* Release */,
			);
			defaultConfigurationIsVisible = 0;
			defaultConfigurationName = Release;
		};
		95B1DFC528B2A832002CC871 /* Build configuration list for PBXNativeTarget "CinematesTests" */ = {
			isa = XCConfigurationList;
			buildConfigurations = (
				95B1DFC328B2A832002CC871 /* Debug */,
				95B1DFC428B2A832002CC871 /* Release */,
			);
			defaultConfigurationIsVisible = 0;
			defaultConfigurationName = Release;
		};
/* End XCConfigurationList section */

/* Begin XCRemoteSwiftPackageReference section */
		56E87CFE279372180048F03A /* XCRemoteSwiftPackageReference "NetworkManager" */ = {
			isa = XCRemoteSwiftPackageReference;
			repositoryURL = "https://github.com/stevencurtis/NetworkManager";
			requirement = {
				kind = upToNextMajorVersion;
				minimumVersion = 0.2.1;
			};
		};
/* End XCRemoteSwiftPackageReference section */

/* Begin XCSwiftPackageProductDependency section */
		56E87CFF279372190048F03A /* NetworkLibrary */ = {
			isa = XCSwiftPackageProductDependency;
			package = 56E87CFE279372180048F03A /* XCRemoteSwiftPackageReference "NetworkManager" */;
			productName = NetworkLibrary;
		};
/* End XCSwiftPackageProductDependency section */
	};
	rootObject = 8B755F02247936D300FD58C8 /* Project object */;
}
